
Microsoft Visual Studio Solution File, Format Version 12.00
# Visual Studio 15
VisualStudioVersion = 15.0.27703.2035
MinimumVisualStudioVersion = 10.0.40219.1
Project("{FAE04EC0-301F-11D3-BF4B-00C04F79EFBC}") = "WS.Data", "WS.Data\WS.Data.csproj", "{1891CC80-05B5-4E6F-8BE4-FD92AC91ED51}"
EndProject
Project("{FAE04EC0-301F-11D3-BF4B-00C04F79EFBC}") = "WS.Business", "WS.Business\WS.Business.csproj", "{C63F50AC-1260-4A79-A3B8-71ACF47E6523}"
EndProject
Project("{FAE04EC0-301F-11D3-BF4B-00C04F79EFBC}") = "WS.Web", "WS.Web\WS.Web.csproj", "{6350700B-DC4B-4559-8589-4D64EFA642B0}"
EndProject
Global
	GlobalSection(SolutionConfigurationPlatforms) = preSolution
		Debug|Any CPU = Debug|Any CPU
		Release|Any CPU = Release|Any CPU
	EndGlobalSection
	GlobalSection(ProjectConfigurationPlatforms) = postSolution
		{1891CC80-05B5-4E6F-8BE4-FD92AC91ED51}.Debug|Any CPU.ActiveCfg = Debug|Any CPU
		{1891CC80-05B5-4E6F-8BE4-FD92AC91ED51}.Debug|Any CPU.Build.0 = Debug|Any CPU
		{1891CC80-05B5-4E6F-8BE4-FD92AC91ED51}.Release|Any CPU.ActiveCfg = Release|Any CPU
		{1891CC80-05B5-4E6F-8BE4-FD92AC91ED51}.Release|Any CPU.Build.0 = Release|Any CPU
		{C63F50AC-1260-4A79-A3B8-71ACF47E6523}.Debug|Any CPU.ActiveCfg = Debug|Any CPU
		{C63F50AC-1260-4A79-A3B8-71ACF47E6523}.Debug|Any CPU.Build.0 = Debug|Any CPU
		{C63F50AC-1260-4A79-A3B8-71ACF47E6523}.Release|Any CPU.ActiveCfg = Release|Any CPU
		{C63F50AC-1260-4A79-A3B8-71ACF47E6523}.Release|Any CPU.Build.0 = Release|Any CPU
		{6350700B-DC4B-4559-8589-4D64EFA642B0}.Debug|Any CPU.ActiveCfg = Debug|Any CPU
		{6350700B-DC4B-4559-8589-4D64EFA642B0}.Debug|Any CPU.Build.0 = Debug|Any CPU
		{6350700B-DC4B-4559-8589-4D64EFA642B0}.Release|Any CPU.ActiveCfg = Release|Any CPU
		{6350700B-DC4B-4559-8589-4D64EFA642B0}.Release|Any CPU.Build.0 = Release|Any CPU
	EndGlobalSection
	GlobalSection(SolutionProperties) = preSolution
		HideSolutionNode = FALSE
	EndGlobalSection
	GlobalSection(ExtensibilityGlobals) = postSolution
		SolutionGuid = {1A68A58C-643F-4BCD-844B-3DC777364731}
	EndGlobalSection
EndGlobal
